
Microsoft Visual Studio Solution File, Format Version 12.00
# Visual Studio Version 16
VisualStudioVersion = 16.0.31005.135
MinimumVisualStudioVersion = 10.0.40219.1
Project("{9A19103F-16F7-4668-BE54-9A1E7A4F7556}") = "Company_BLA", "Company_BLA\Company_BLA.csproj", "{546A8D7C-13E2-49A9-A4D2-EE4DFACA37E7}"
EndProject
Project("{9A19103F-16F7-4668-BE54-9A1E7A4F7556}") = "ThunderBear.Utility", "Tunderbear.Utility\ThunderBear.Utility.csproj", "{4CA7D0DC-CC72-4306-AF5D-74B62FF9C13A}"
EndProject
Global
	GlobalSection(SolutionConfigurationPlatforms) = preSolution
		Debug|Any CPU = Debug|Any CPU
		Release|Any CPU = Release|Any CPU
	EndGlobalSection
	GlobalSection(ProjectConfigurationPlatforms) = postSolution
		{546A8D7C-13E2-49A9-A4D2-EE4DFACA37E7}.Debug|Any CPU.ActiveCfg = Debug|Any CPU
		{546A8D7C-13E2-49A9-A4D2-EE4DFACA37E7}.Debug|Any CPU.Build.0 = Debug|Any CPU
		{546A8D7C-13E2-49A9-A4D2-EE4DFACA37E7}.Release|Any CPU.ActiveCfg = Release|Any CPU
		{546A8D7C-13E2-49A9-A4D2-EE4DFACA37E7}.Release|Any CPU.Build.0 = Release|Any CPU
		{4CA7D0DC-CC72-4306-AF5D-74B62FF9C13A}.Debug|Any CPU.ActiveCfg = Debug|Any CPU
		{4CA7D0DC-CC72-4306-AF5D-74B62FF9C13A}.Debug|Any CPU.Build.0 = Debug|Any CPU
		{4CA7D0DC-CC72-4306-AF5D-74B62FF9C13A}.Release|Any CPU.ActiveCfg = Release|Any CPU
		{4CA7D0DC-CC72-4306-AF5D-74B62FF9C13A}.Release|Any CPU.Build.0 = Release|Any CPU
	EndGlobalSection
	GlobalSection(SolutionProperties) = preSolution
		HideSolutionNode = FALSE
	EndGlobalSection
	GlobalSection(ExtensibilityGlobals) = postSolution
		SolutionGuid = {CFC68B67-DB26-4ABD-8C7C-C4C4C5BA6226}
	EndGlobalSection
EndGlobal
